
Microsoft Visual Studio Solution File, Format Version 12.00
# Visual Studio Version 17
VisualStudioVersion = 17.10.34916.146
MinimumVisualStudioVersion = 10.0.40219.1
Project("{9A19103F-16F7-4668-BE54-9A1E7A4F7556}") = "CalApp", "CalApp\CalApp.csproj", "{5E03D2C5-FEC6-4BF4-AAEE-DA1AB3BDB7F2}"
EndProject
Project("{FAE04EC0-301F-11D3-BF4B-00C04F79EFBC}") = "JPower.Shared", "JPower.Shared\JPower.Shared.csproj", "{2109FB8A-E1AC-4BB8-936A-F6362D14F9F4}"
EndProject
Project("{FAE04EC0-301F-11D3-BF4B-00C04F79EFBC}") = "JPower.DiagnosticsApp", "JPower.DiagnosticsApp\JPower.DiagnosticsApp.csproj", "{311E21F5-A1E0-40AB-8EB7-8669D9C2F47E}"
EndProject
Global
	GlobalSection(SolutionConfigurationPlatforms) = preSolution
		Debug|Any CPU = Debug|Any CPU
		Release|Any CPU = Release|Any CPU
	EndGlobalSection
	GlobalSection(ProjectConfigurationPlatforms) = postSolution
		{5E03D2C5-FEC6-4BF4-AAEE-DA1AB3BDB7F2}.Debug|Any CPU.ActiveCfg = Debug|Any CPU
		{5E03D2C5-FEC6-4BF4-AAEE-DA1AB3BDB7F2}.Debug|Any CPU.Build.0 = Debug|Any CPU
		{5E03D2C5-FEC6-4BF4-AAEE-DA1AB3BDB7F2}.Debug|Any CPU.Deploy.0 = Debug|Any CPU
		{5E03D2C5-FEC6-4BF4-AAEE-DA1AB3BDB7F2}.Release|Any CPU.ActiveCfg = Release|Any CPU
		{5E03D2C5-FEC6-4BF4-AAEE-DA1AB3BDB7F2}.Release|Any CPU.Build.0 = Release|Any CPU
		{5E03D2C5-FEC6-4BF4-AAEE-DA1AB3BDB7F2}.Release|Any CPU.Deploy.0 = Release|Any CPU
		{2109FB8A-E1AC-4BB8-936A-F6362D14F9F4}.Debug|Any CPU.ActiveCfg = Debug|Any CPU
		{2109FB8A-E1AC-4BB8-936A-F6362D14F9F4}.Debug|Any CPU.Build.0 = Debug|Any CPU
		{2109FB8A-E1AC-4BB8-936A-F6362D14F9F4}.Release|Any CPU.ActiveCfg = Release|Any CPU
		{2109FB8A-E1AC-4BB8-936A-F6362D14F9F4}.Release|Any CPU.Build.0 = Release|Any CPU
		{311E21F5-A1E0-40AB-8EB7-8669D9C2F47E}.Debug|Any CPU.ActiveCfg = Debug|Any CPU
		{311E21F5-A1E0-40AB-8EB7-8669D9C2F47E}.Debug|Any CPU.Build.0 = Debug|Any CPU
		{311E21F5-A1E0-40AB-8EB7-8669D9C2F47E}.Debug|Any CPU.Deploy.0 = Debug|Any CPU
		{311E21F5-A1E0-40AB-8EB7-8669D9C2F47E}.Release|Any CPU.ActiveCfg = Release|Any CPU
		{311E21F5-A1E0-40AB-8EB7-8669D9C2F47E}.Release|Any CPU.Build.0 = Release|Any CPU
		{311E21F5-A1E0-40AB-8EB7-8669D9C2F47E}.Release|Any CPU.Deploy.0 = Release|Any CPU
	EndGlobalSection
	GlobalSection(SolutionProperties) = preSolution
		HideSolutionNode = FALSE
	EndGlobalSection
	GlobalSection(ExtensibilityGlobals) = postSolution
		SolutionGuid = {84117128-5C98-4548-80EB-2F414D4C6746}
	EndGlobalSection
EndGlobal
